
Microsoft Visual Studio Solution File, Format Version 12.00
# Visual Studio Version 17
VisualStudioVersion = 17.0.32112.339
MinimumVisualStudioVersion = 10.0.40219.1
Project("{FAE04EC0-301F-11D3-BF4B-00C04F79EFBC}") = "PriorityEmailApp", "PriorityEmailApp.csproj", "{932FD291-C4B8-4524-80E0-72CBDA7F8011}"
EndProject
Global
	GlobalSection(SolutionConfigurationPlatforms) = preSolution
		Debug|Any CPU = Debug|Any CPU
		Release|Any CPU = Release|Any CPU
	EndGlobalSection
	GlobalSection(ProjectConfigurationPlatforms) = postSolution
		{932FD291-C4B8-4524-80E0-72CBDA7F8011}.Debug|Any CPU.ActiveCfg = Debug|Any CPU
		{932FD291-C4B8-4524-80E0-72CBDA7F8011}.Debug|Any CPU.Build.0 = Debug|Any CPU
		{932FD291-C4B8-4524-80E0-72CBDA7F8011}.Release|Any CPU.ActiveCfg = Release|Any CPU
		{932FD291-C4B8-4524-80E0-72CBDA7F8011}.Release|Any CPU.Build.0 = Release|Any CPU
	EndGlobalSection
	GlobalSection(SolutionProperties) = preSolution
		HideSolutionNode = FALSE
	EndGlobalSection
	GlobalSection(ExtensibilityGlobals) = postSolution
		SolutionGuid = {CCAF8C01-8C07-4252-B89B-D6C4EA536CDD}
	EndGlobalSection
EndGlobal
